lockVersion: 2.0.0
id: 78d0454e-9200-41d2-a226-c97b6eef2032
management:
  docChecksum: e75f0fc692313f0ec79161cba8c01a72
  docVersion: 0.0.1
  speakeasyVersion: 1.481.1
  generationVersion: 2.500.5
  releaseVersion: 0.1.0
  configChecksum: 6f405d633ae347a0bb1446ce880e7a82
  repoURL: https://github.com/comfy-deploy/comfy-deploy-ruby.git
  installationURL: https://github.com/comfy-deploy/comfy-deploy-ruby
  published: true
features:
  ruby:
    core: 3.5.3
    flattening: 2.81.1
    globalSecurity: 2.81.7
    globalServerURLs: 2.82.3
    nameOverrides: 2.81.2
    webhooks: 1.0.0
generatedFiles:
  - .gitattributes
  - Gemfile
  - Gemfile.lock
  - Rakefile
  - USAGE.md
  - comfydeploy.gemspec
  - docs/models/operations/classtype.md
  - docs/models/operations/customnodes.md
  - docs/models/operations/data.md
  - docs/models/operations/dependencies.md
  - docs/models/operations/environment.md
  - docs/models/operations/eventtype.md
  - docs/models/operations/fields_.md
  - docs/models/operations/files.md
  - docs/models/operations/getauthresponserequestidcomfyuiresponsebody.md
  - docs/models/operations/getauthresponserequestidcomfyuiresponseresponsebody.md
  - docs/models/operations/getauthresponserequestidrequest.md
  - docs/models/operations/getauthresponserequestidresponse.md
  - docs/models/operations/getauthresponserequestidresponsebody.md
  - docs/models/operations/getdeploymentclasstype.md
  - docs/models/operations/getdeploymentdeploymentresponsebody.md
  - docs/models/operations/getdeploymentidinputsrequest.md
  - docs/models/operations/getdeploymentidinputsresponse.md
  - docs/models/operations/getdeploymentidinputsresponsebody.md
  - docs/models/operations/getdeploymentrequest.md
  - docs/models/operations/getdeploymentresponse.md
  - docs/models/operations/getdeploymentresponsebody.md
  - docs/models/operations/getmachinemachineideventsgpu.md
  - docs/models/operations/getmachinemachineideventsmachineresponsebody.md
  - docs/models/operations/getmachinemachineideventsrequest.md
  - docs/models/operations/getmachinemachineideventsresponse.md
  - docs/models/operations/getmachinemachineideventsresponsebody.md
  - docs/models/operations/getrunfiles.md
  - docs/models/operations/getrungpu.md
  - docs/models/operations/getrunrequest.md
  - docs/models/operations/getrunresponse.md
  - docs/models/operations/getrunresponsebody.md
  - docs/models/operations/getrunrunresponsebody.md
  - docs/models/operations/getrunrunresponseresponsebody.md
  - docs/models/operations/getrunstatus.md
  - docs/models/operations/getrunworkflowapi.md
  - docs/models/operations/getuploadurlfilesresponsebody.md
  - docs/models/operations/getuploadurlrequest.md
  - docs/models/operations/getuploadurlresponse.md
  - docs/models/operations/getuploadurlresponsebody.md
  - docs/models/operations/getv1machinesmachineidmachineresponsebody.md
  - docs/models/operations/getv1machinesmachineidrequest.md
  - docs/models/operations/getv1machinesmachineidresponse.md
  - docs/models/operations/getv1machinesmachineidresponsebody.md
  - docs/models/operations/getv1machinesmachineresponsebody.md
  - docs/models/operations/getv1machinesrequest.md
  - docs/models/operations/getv1machinesresponse.md
  - docs/models/operations/getv1machinesresponsebody.md
  - docs/models/operations/getv1workflowsrequest.md
  - docs/models/operations/getv1workflowsresponse.md
  - docs/models/operations/getv1workflowsresponsebody.md
  - docs/models/operations/getv1workflowsworkflowidoutputsoutputs.md
  - docs/models/operations/getv1workflowsworkflowidoutputsrequest.md
  - docs/models/operations/getv1workflowsworkflowidoutputsresponse.md
  - docs/models/operations/getv1workflowsworkflowidoutputsresponsebody.md
  - docs/models/operations/getv1workflowsworkflowidoutputsworkflowsresponsebody.md
  - docs/models/operations/getv1workflowsworkflowidrequest.md
  - docs/models/operations/getv1workflowsworkflowidresponse.md
  - docs/models/operations/getv1workflowsworkflowidresponsebody.md
  - docs/models/operations/getv1workflowsworkflowidversions.md
  - docs/models/operations/getv1workflowsworkflowidworkflowsresponsebody.md
  - docs/models/operations/getv1workflowsworkflowsresponsebody.md
  - docs/models/operations/getwebsocketdeploymentidrequest.md
  - docs/models/operations/getwebsocketdeploymentidresponse.md
  - docs/models/operations/getwebsocketdeploymentidresponsebody.md
  - docs/models/operations/getwebsocketdeploymentidwebsocketresponsebody.md
  - docs/models/operations/getworkflowidcomfyuiresponsebody.md
  - docs/models/operations/getworkflowidrequest.md
  - docs/models/operations/getworkflowidresponse.md
  - docs/models/operations/getworkflowidresponsebody.md
  - docs/models/operations/getworkflowversionversionidcomfyuiresponsebody.md
  - docs/models/operations/getworkflowversionversionidrequest.md
  - docs/models/operations/getworkflowversionversionidresponse.md
  - docs/models/operations/getworkflowversionversionidresponsebody.md
  - docs/models/operations/gifs.md
  - docs/models/operations/gitcustomnodes.md
  - docs/models/operations/gpu.md
  - docs/models/operations/gpuprovider.md
  - docs/models/operations/gputype.md
  - docs/models/operations/images.md
  - docs/models/operations/inputsdefinition.md
  - docs/models/operations/machines.md
  - docs/models/operations/machinetype.md
  - docs/models/operations/models.md
  - docs/models/operations/node.md
  - docs/models/operations/origin.md
  - docs/models/operations/outputs.md
  - docs/models/operations/postendgpueventeventtype.md
  - docs/models/operations/postendgpueventmachineresponsebody.md
  - docs/models/operations/postendgpueventrequestbody.md
  - docs/models/operations/postendgpueventresponse.md
  - docs/models/operations/postendgpueventresponsebody.md
  - docs/models/operations/postgpueventmachineresponsebody.md
  - docs/models/operations/postgpueventrequestbody.md
  - docs/models/operations/postgpueventresponse.md
  - docs/models/operations/postgpueventresponsebody.md
  - docs/models/operations/postmachineendpointrequestbody.md
  - docs/models/operations/postmachineendpointresponse.md
  - docs/models/operations/postmachineendpointresponsebody.md
  - docs/models/operations/postmachineendpointworkflowsresponsebody.md
  - docs/models/operations/postrunrequestbody.md
  - docs/models/operations/postrunresponse.md
  - docs/models/operations/postrunresponsebody.md
  - docs/models/operations/postrunrunresponsebody.md
  - docs/models/operations/postv1machinesgpu.md
  - docs/models/operations/postv1machinesmachineresponsebody.md
  - docs/models/operations/postv1machinesrequestbody.md
  - docs/models/operations/postv1machinesresponse.md
  - docs/models/operations/postv1machinesresponsebody.md
  - docs/models/operations/postv1machinesstatus.md
  - docs/models/operations/postv1machinestype.md
  - docs/models/operations/postv1workflowsrequestbody.md
  - docs/models/operations/postv1workflowsresponse.md
  - docs/models/operations/postv1workflowsresponsebody.md
  - docs/models/operations/postv1workflowsworkflowsresponsebody.md
  - docs/models/operations/postworkflowcomfyuiresponsebody.md
  - docs/models/operations/postworkflowrequestbody.md
  - docs/models/operations/postworkflowresponse.md
  - docs/models/operations/postworkflowresponsebody.md
  - docs/models/operations/providertype.md
  - docs/models/operations/queryparamrunorigin.md
  - docs/models/operations/responsebody.md
  - docs/models/operations/runlog.md
  - docs/models/operations/runorigin.md
  - docs/models/operations/snapshot.md
  - docs/models/operations/status.md
  - docs/models/operations/type.md
  - docs/models/operations/user.md
  - docs/models/operations/versions.md
  - docs/models/operations/webhookstatus.md
  - docs/models/operations/workflowapi.md
  - docs/models/operations/workflowinputs.md
  - docs/models/operations/workflowjson.md
  - docs/models/operations/wsgpu.md
  - docs/models/operations/wsgputype.md
  - docs/models/shared/security.md
  - docs/models/webhooks/data.md
  - docs/models/webhooks/files.md
  - docs/models/webhooks/gifs.md
  - docs/models/webhooks/images.md
  - docs/models/webhooks/outputs.md
  - docs/models/webhooks/runupdatesrequestbody.md
  - docs/models/webhooks/runupdatesresponse.md
  - docs/models/webhooks/status.md
  - docs/sdks/comfydeploy/README.md
  - docs/sdks/comfyui/README.md
  - docs/sdks/deployment/README.md
  - docs/sdks/files/README.md
  - docs/sdks/machine/README.md
  - docs/sdks/run/README.md
  - docs/sdks/websocket/README.md
  - docs/sdks/workflows/README.md
  - lib/comfydeploy.rb
  - lib/open_api_sdk/comfydeploy.rb
  - lib/open_api_sdk/comfyui.rb
  - lib/open_api_sdk/deployment.rb
  - lib/open_api_sdk/files.rb
  - lib/open_api_sdk/machine.rb
  - lib/open_api_sdk/models/operations.rb
  - lib/open_api_sdk/models/operations/class_type.rb
  - lib/open_api_sdk/models/operations/custom_nodes.rb
  - lib/open_api_sdk/models/operations/data.rb
  - lib/open_api_sdk/models/operations/dependencies.rb
  - lib/open_api_sdk/models/operations/environment.rb
  - lib/open_api_sdk/models/operations/eventtype.rb
  - lib/open_api_sdk/models/operations/fields_.rb
  - lib/open_api_sdk/models/operations/files.rb
  - lib/open_api_sdk/models/operations/get_auth_response_request_id_comfyui_response_responsebody.rb
  - lib/open_api_sdk/models/operations/get_auth_response_request_id_comfyui_responsebody.rb
  - lib/open_api_sdk/models/operations/get_auth_response_request_id_request.rb
  - lib/open_api_sdk/models/operations/get_auth_response_request_id_response.rb
  - lib/open_api_sdk/models/operations/get_auth_response_request_id_responsebody.rb
  - lib/open_api_sdk/models/operations/get_deployment_class_type.rb
  - lib/open_api_sdk/models/operations/get_deployment_deployment_responsebody.rb
  - lib/open_api_sdk/models/operations/get_deployment_id_inputs_request.rb
  - lib/open_api_sdk/models/operations/get_deployment_id_inputs_response.rb
  - lib/open_api_sdk/models/operations/get_deployment_id_inputs_responsebody.rb
  - lib/open_api_sdk/models/operations/get_deployment_request.rb
  - lib/open_api_sdk/models/operations/get_deployment_response.rb
  - lib/open_api_sdk/models/operations/get_deployment_responsebody.rb
  - lib/open_api_sdk/models/operations/get_machine_machine_id_events_gpu.rb
  - lib/open_api_sdk/models/operations/get_machine_machine_id_events_machine_responsebody.rb
  - lib/open_api_sdk/models/operations/get_machine_machine_id_events_request.rb
  - lib/open_api_sdk/models/operations/get_machine_machine_id_events_response.rb
  - lib/open_api_sdk/models/operations/get_machine_machine_id_events_responsebody.rb
  - lib/open_api_sdk/models/operations/get_run_files.rb
  - lib/open_api_sdk/models/operations/get_run_gpu.rb
  - lib/open_api_sdk/models/operations/get_run_request.rb
  - lib/open_api_sdk/models/operations/get_run_response.rb
  - lib/open_api_sdk/models/operations/get_run_responsebody.rb
  - lib/open_api_sdk/models/operations/get_run_run_response_responsebody.rb
  - lib/open_api_sdk/models/operations/get_run_run_responsebody.rb
  - lib/open_api_sdk/models/operations/get_run_status.rb
  - lib/open_api_sdk/models/operations/get_run_workflow_api.rb
  - lib/open_api_sdk/models/operations/get_upload_url_files_responsebody.rb
  - lib/open_api_sdk/models/operations/get_upload_url_request.rb
  - lib/open_api_sdk/models/operations/get_upload_url_response.rb
  - lib/open_api_sdk/models/operations/get_upload_url_responsebody.rb
  - lib/open_api_sdk/models/operations/get_v1_machines_machine_id_machine_responsebody.rb
  - lib/open_api_sdk/models/operations/get_v1_machines_machine_id_request.rb
  - lib/open_api_sdk/models/operations/get_v1_machines_machine_id_response.rb
  - lib/open_api_sdk/models/operations/get_v1_machines_machine_id_responsebody.rb
  - lib/open_api_sdk/models/operations/get_v1_machines_machine_responsebody.rb
  - lib/open_api_sdk/models/operations/get_v1_machines_request.rb
  - lib/open_api_sdk/models/operations/get_v1_machines_response.rb
  - lib/open_api_sdk/models/operations/get_v1_machines_responsebody.rb
  - lib/open_api_sdk/models/operations/get_v1_workflows_request.rb
  - lib/open_api_sdk/models/operations/get_v1_workflows_response.rb
  - lib/open_api_sdk/models/operations/get_v1_workflows_responsebody.rb
  - lib/open_api_sdk/models/operations/get_v1_workflows_workflow_id_outputs_outputs.rb
  - lib/open_api_sdk/models/operations/get_v1_workflows_workflow_id_outputs_request.rb
  - lib/open_api_sdk/models/operations/get_v1_workflows_workflow_id_outputs_response.rb
  - lib/open_api_sdk/models/operations/get_v1_workflows_workflow_id_outputs_responsebody.rb
  - lib/open_api_sdk/models/operations/get_v1_workflows_workflow_id_outputs_workflows_responsebody.rb
  - lib/open_api_sdk/models/operations/get_v1_workflows_workflow_id_request.rb
  - lib/open_api_sdk/models/operations/get_v1_workflows_workflow_id_response.rb
  - lib/open_api_sdk/models/operations/get_v1_workflows_workflow_id_responsebody.rb
  - lib/open_api_sdk/models/operations/get_v1_workflows_workflow_id_versions.rb
  - lib/open_api_sdk/models/operations/get_v1_workflows_workflow_id_workflows_responsebody.rb
  - lib/open_api_sdk/models/operations/get_v1_workflows_workflows_responsebody.rb
  - lib/open_api_sdk/models/operations/get_websocket_deployment_id_request.rb
  - lib/open_api_sdk/models/operations/get_websocket_deployment_id_response.rb
  - lib/open_api_sdk/models/operations/get_websocket_deployment_id_responsebody.rb
  - lib/open_api_sdk/models/operations/get_websocket_deployment_id_websocket_responsebody.rb
  - lib/open_api_sdk/models/operations/get_workflow_id_comfyui_responsebody.rb
  - lib/open_api_sdk/models/operations/get_workflow_id_request.rb
  - lib/open_api_sdk/models/operations/get_workflow_id_response.rb
  - lib/open_api_sdk/models/operations/get_workflow_id_responsebody.rb
  - lib/open_api_sdk/models/operations/get_workflow_version_version_id_comfyui_responsebody.rb
  - lib/open_api_sdk/models/operations/get_workflow_version_version_id_request.rb
  - lib/open_api_sdk/models/operations/get_workflow_version_version_id_response.rb
  - lib/open_api_sdk/models/operations/get_workflow_version_version_id_responsebody.rb
  - lib/open_api_sdk/models/operations/gifs.rb
  - lib/open_api_sdk/models/operations/git_custom_nodes.rb
  - lib/open_api_sdk/models/operations/gpu.rb
  - lib/open_api_sdk/models/operations/gpu_provider.rb
  - lib/open_api_sdk/models/operations/gputype.rb
  - lib/open_api_sdk/models/operations/images.rb
  - lib/open_api_sdk/models/operations/inputs_definition.rb
  - lib/open_api_sdk/models/operations/machine_type.rb
  - lib/open_api_sdk/models/operations/machines.rb
  - lib/open_api_sdk/models/operations/models.rb
  - lib/open_api_sdk/models/operations/node.rb
  - lib/open_api_sdk/models/operations/origin.rb
  - lib/open_api_sdk/models/operations/outputs.rb
  - lib/open_api_sdk/models/operations/post_end_gpu_event_eventtype.rb
  - lib/open_api_sdk/models/operations/post_end_gpu_event_machine_responsebody.rb
  - lib/open_api_sdk/models/operations/post_end_gpu_event_requestbody.rb
  - lib/open_api_sdk/models/operations/post_end_gpu_event_response.rb
  - lib/open_api_sdk/models/operations/post_end_gpu_event_responsebody.rb
  - lib/open_api_sdk/models/operations/post_gpu_event_machine_responsebody.rb
  - lib/open_api_sdk/models/operations/post_gpu_event_requestbody.rb
  - lib/open_api_sdk/models/operations/post_gpu_event_response.rb
  - lib/open_api_sdk/models/operations/post_gpu_event_responsebody.rb
  - lib/open_api_sdk/models/operations/post_machine_endpoint_requestbody.rb
  - lib/open_api_sdk/models/operations/post_machine_endpoint_response.rb
  - lib/open_api_sdk/models/operations/post_machine_endpoint_responsebody.rb
  - lib/open_api_sdk/models/operations/post_machine_endpoint_workflows_responsebody.rb
  - lib/open_api_sdk/models/operations/post_run_requestbody.rb
  - lib/open_api_sdk/models/operations/post_run_response.rb
  - lib/open_api_sdk/models/operations/post_run_responsebody.rb
  - lib/open_api_sdk/models/operations/post_run_run_responsebody.rb
  - lib/open_api_sdk/models/operations/post_v1_machines_gpu.rb
  - lib/open_api_sdk/models/operations/post_v1_machines_machine_responsebody.rb
  - lib/open_api_sdk/models/operations/post_v1_machines_requestbody.rb
  - lib/open_api_sdk/models/operations/post_v1_machines_response.rb
  - lib/open_api_sdk/models/operations/post_v1_machines_responsebody.rb
  - lib/open_api_sdk/models/operations/post_v1_machines_status.rb
  - lib/open_api_sdk/models/operations/post_v1_machines_type.rb
  - lib/open_api_sdk/models/operations/post_v1_workflows_requestbody.rb
  - lib/open_api_sdk/models/operations/post_v1_workflows_response.rb
  - lib/open_api_sdk/models/operations/post_v1_workflows_responsebody.rb
  - lib/open_api_sdk/models/operations/post_v1_workflows_workflows_responsebody.rb
  - lib/open_api_sdk/models/operations/post_workflow_comfyui_responsebody.rb
  - lib/open_api_sdk/models/operations/post_workflow_requestbody.rb
  - lib/open_api_sdk/models/operations/post_workflow_response.rb
  - lib/open_api_sdk/models/operations/post_workflow_responsebody.rb
  - lib/open_api_sdk/models/operations/providertype.rb
  - lib/open_api_sdk/models/operations/queryparam_runorigin.rb
  - lib/open_api_sdk/models/operations/responsebody.rb
  - lib/open_api_sdk/models/operations/run_log.rb
  - lib/open_api_sdk/models/operations/run_origin.rb
  - lib/open_api_sdk/models/operations/snapshot.rb
  - lib/open_api_sdk/models/operations/status.rb
  - lib/open_api_sdk/models/operations/type.rb
  - lib/open_api_sdk/models/operations/user.rb
  - lib/open_api_sdk/models/operations/versions.rb
  - lib/open_api_sdk/models/operations/webhook_status.rb
  - lib/open_api_sdk/models/operations/workflow_api.rb
  - lib/open_api_sdk/models/operations/workflow_inputs.rb
  - lib/open_api_sdk/models/operations/workflow_json.rb
  - lib/open_api_sdk/models/operations/ws_gpu.rb
  - lib/open_api_sdk/models/operations/wsgputype.rb
  - lib/open_api_sdk/models/shared.rb
  - lib/open_api_sdk/models/shared/security.rb
  - lib/open_api_sdk/models/webhooks/data.rb
  - lib/open_api_sdk/models/webhooks/files.rb
  - lib/open_api_sdk/models/webhooks/gifs.rb
  - lib/open_api_sdk/models/webhooks/images.rb
  - lib/open_api_sdk/models/webhooks/outputs.rb
  - lib/open_api_sdk/models/webhooks/runupdates_requestbody.rb
  - lib/open_api_sdk/models/webhooks/runupdates_response.rb
  - lib/open_api_sdk/models/webhooks/status.rb
  - lib/open_api_sdk/run.rb
  - lib/open_api_sdk/sdkconfiguration.rb
  - lib/open_api_sdk/utils/metadata_fields.rb
  - lib/open_api_sdk/utils/t.rb
  - lib/open_api_sdk/utils/utils.rb
  - lib/open_api_sdk/websocket.rb
  - lib/open_api_sdk/workflows.rb
  - sorbet/config
  - sorbet/rbi/annotations/.gitattributes
  - sorbet/rbi/annotations/faraday.rbi
  - sorbet/rbi/annotations/rainbow.rbi
  - sorbet/rbi/gems/.gitattributes
  - sorbet/rbi/gems/ast@2.4.2.rbi
  - sorbet/rbi/gems/base64@0.1.1.rbi
  - sorbet/rbi/gems/erubi@1.12.0.rbi
  - sorbet/rbi/gems/faraday-multipart@1.0.4.rbi
  - sorbet/rbi/gems/faraday-net_http@3.0.2.rbi
  - sorbet/rbi/gems/faraday@2.7.11.rbi
  - sorbet/rbi/gems/json@2.6.3.rbi
  - sorbet/rbi/gems/language_server-protocol@3.17.0.3.rbi
  - sorbet/rbi/gems/minitest@5.20.0.rbi
  - sorbet/rbi/gems/multipart-post@2.3.0.rbi
  - sorbet/rbi/gems/netrc@0.11.0.rbi
  - sorbet/rbi/gems/parallel@1.23.0.rbi
  - sorbet/rbi/gems/parser@3.2.2.4.rbi
  - sorbet/rbi/gems/prettier_print@1.2.1.rbi
  - sorbet/rbi/gems/racc@1.7.1.rbi
  - sorbet/rbi/gems/rack@3.0.8.rbi
  - sorbet/rbi/gems/rainbow@3.1.1.rbi
  - sorbet/rbi/gems/rake@13.0.6.rbi
  - sorbet/rbi/gems/rbi@0.1.1.rbi
  - sorbet/rbi/gems/regexp_parser@2.8.2.rbi
  - sorbet/rbi/gems/rexml@3.2.6.rbi
  - sorbet/rbi/gems/rubocop-ast@1.29.0.rbi
  - sorbet/rbi/gems/rubocop@1.57.1.rbi
  - sorbet/rbi/gems/ruby-progressbar@1.13.0.rbi
  - sorbet/rbi/gems/ruby2_keywords@0.0.5.rbi
  - sorbet/rbi/gems/spoom@1.2.4.rbi
  - sorbet/rbi/gems/syntax_tree@6.2.0.rbi
  - sorbet/rbi/gems/tapioca@0.11.9.rbi
  - sorbet/rbi/gems/thor@1.3.0.rbi
  - sorbet/rbi/gems/unicode-display_width@2.5.0.rbi
  - sorbet/rbi/gems/yard-sorbet@0.8.1.rbi
  - sorbet/rbi/gems/yard@0.9.34.rbi
  - sorbet/rbi/gems/yarp@0.13.0.rbi
  - sorbet/tapioca/config.yml
  - sorbet/tapioca/require.rb
examples:
  runUpdates: {}
  post_/run:
    speakeasy-default-post-/run:
      requestBody:
        application/json: {"deployment_id": "d290f1ee-6c54-4b01-90e6-d701748f0851", "workflow_api": {}, "workflow_id": "f47ac10b-58cc-4372-a567-0e02b2c3d479", "machine_id": "f47ac10b-58cc-4372-a567-0e02b2c3d479", "inputs": {"input_text": "value1", "input_url": "https://example.png"}, "webhook": "https://example.com/webhook"}
      responses:
        "200":
          application/json: {"run_id": "<id>"}
        "401":
          text/plain: "<value>"
        "500":
          application/json: {"error": "<value>"}
  get_/run:
    speakeasy-default-get-/run:
      parameters:
        query:
          run_id: "<id>"
      responses:
        "200":
          application/json: {"id": "b888f774-3e7c-4135-a18c-6b985523c4bc", "workflow_version_id": "e50f7622-81da-484b-9c66-1c8a99c6b71b", "workflow_inputs": {}, "workflow_id": "ecd62b8f-7112-4aaf-90ab-4e43b4cca371", "workflow_api": {}, "machine_id": "f620807a-a1f8-4cf0-95d8-9d58ee381f6b", "origin": "public-template", "status": "failed", "ended_at": "<value>", "created_at": "1724314082123", "updated_at": "1738313752611", "queued_at": "<value>", "started_at": "<value>", "gpu_event_id": "<id>", "gpu": "A100-80GB", "machine_version": "<value>", "machine_type": "classic", "modal_function_call_id": "<id>", "user_id": "<id>", "org_id": "<id>", "live_status": "<value>", "progress": 5783.2, "is_realtime": false, "webhook": "<value>", "webhook_status": "failed", "webhook_intermediate_status": true, "batch_id": "1c293683-64a1-45f8-8d7e-75f5179e263c", "favorite": false, "model_id": "<id>"}
        "400":
          application/json: {"code": "400", "message": "Workflow not found"}
        "401":
          text/plain: "<value>"
        "500":
          application/json: {"error": "<value>"}
  get_/upload-url:
    speakeasy-default-get-/upload-url:
      parameters:
        query:
          type: "application/zip"
          file_size: "<value>"
      responses:
        "200":
          application/json: {"upload_url": "https://grouchy-help.com/", "file_id": "<id>", "download_url": "https://unripe-carnival.org"}
        "401":
          text/plain: "<value>"
        "500":
          application/json: {"error": "<value>"}
  get_/websocket/{deployment_id}:
    speakeasy-default-get-/websocket/{deployment-id}:
      parameters:
        path:
          deployment_id: "<id>"
      responses:
        "200":
          application/json: {"ws_connection_url": "https://normal-making.name"}
        "401":
          text/plain: "<value>"
        "500":
          application/json: {"error": "<value>"}
  get_/auth-response/{request_id}:
    speakeasy-default-get-/auth-response/{request-id}:
      parameters:
        path:
          request_id: "<id>"
      responses:
        "200":
          application/json: {"api_key": "<value>", "name": "<value>"}
        "201":
          application/json: {"message": "<value>"}
        "401":
          text/plain: "<value>"
        "500":
          application/json: {"error": "<value>"}
  post_/workflow:
    speakeasy-default-post-/workflow:
      responses:
        "200":
          application/json: {"workflow_id": "<id>", "version": "<value>"}
        "401":
          text/plain: "<value>"
        "500":
          application/json: {"error": "<value>"}
  get_/workflow-version/{version_id}:
    speakeasy-default-get-/workflow-version/{version-id}:
      parameters:
        path:
          version_id: "<id>"
      responses:
        "200":
          application/json: {"workflow_id": "18c3e38a-41c8-4a82-8e22-1037ba50ffad", "id": "49221c56-9f81-4727-80af-f9b9dd8b3184", "user_id": "<id>", "comment": "Andy shoes are designed to keeping in mind durability as well as trends, the most stylish range of shoes & sandals", "version": 2031.28, "created_at": "1711935878280", "updated_at": "1738352953538"}
        "401":
          text/plain: "<value>"
        "500":
          application/json: {"error": "<value>"}
  get_/workflow/{id}:
    speakeasy-default-get-/workflow/{id}:
      parameters:
        path:
          id: "<id>"
      responses:
        "200":
          application/json: {"workflow_id": "1a66de7f-4b43-4bee-8fe5-9ac8a0d7382d", "id": "5c928a9c-b263-4251-84c5-4203212e66c8", "user_id": "<id>", "comment": "New range of formal shirts are designed keeping you in mind. With fits and styling that will make you stand apart", "version": 6888.66, "created_at": "1716673075715", "updated_at": "1738299046140"}
        "401":
          text/plain: "<value>"
        "500":
          application/json: {"error": "<value>"}
  post_/machine-endpoint:
    speakeasy-default-post-/machine-endpoint:
      responses:
        "200":
          application/json: {"url": "https://ample-hornet.net/", "gpu": "<value>"}
        "401":
          text/plain: "<value>"
        "500":
          application/json: {"error": "<value>"}
  post_/v1/workflows:
    speakeasy-default-post-/v1-/workflows:
      responses:
        "200":
          application/json: {"workflow_id": "<id>", "workflow_version": 4865.89}
        "400":
          application/json: {"error": "<value>"}
        "401":
          text/plain: "<value>"
  get_/v1/workflows:
    speakeasy-default-get-/v1-/workflows:
      responses:
        "200":
          application/json: [{"id": "<id>", "updated_at": "1738287309536", "name": "<value>", "selected_machine_id": "<id>", "count": "<value>", "user": {"name": "<value>"}, "versions": [{"id": "<id>", "version": 6512.03}, {"id": "<id>", "version": 163.08}], "deployments": ["<value>"], "runs": ["<value>", "<value>"]}, {"id": "<id>", "updated_at": "1738287529034", "name": "<value>", "selected_machine_id": "<id>", "count": "<value>", "user": {"name": "<value>"}, "versions": [{"id": "<id>", "version": 7895.53}, {"id": "<id>", "version": 1517.68}, {"id": "<id>", "version": 2178.28}], "deployments": ["<value>", "<value>", "<value>"], "runs": []}]
        "400":
          application/json: {"error": "<value>"}
        "401":
          text/plain: "<value>"
  get_/v1/workflows/{workflow_id}:
    speakeasy-default-get-/v1-/workflows/{workflow-id}:
      parameters:
        path:
          workflow_id: "<id>"
      responses:
        "200":
          application/json: {"name": "<value>", "user_id": "<id>", "id": "<id>", "selected_machine_id": "<id>", "created_at": "1728918718981", "updated_at": "1738330476069", "versions": [{"workflow_id": "<id>", "id": "<id>", "comment": "The Apollotech B340 is an affordable wireless mouse with reliable connectivity, 12 months battery life and modern design", "version": 9699.61, "snapshot": "<value>", "dependencies": "<value>", "created_at": "1721277641852", "updated_at": "1738321144126"}, {"workflow_id": "<id>", "id": "<id>", "comment": "Ergonomic executive chair upholstered in bonded black leather and PVC padded seat and back for all-day comfort and support", "version": 2134.57, "snapshot": "<value>", "dependencies": "<value>", "created_at": "1736386429732", "updated_at": "1738320048452"}]}
        "400":
          application/json: {"error": "<value>"}
        "401":
          text/plain: "<value>"
  get_/v1/workflows/{workflow_id}/outputs:
    speakeasy-default-get-/v1-/workflows/{workflow-id}/outputs:
      parameters:
        path:
          workflow_id: "<id>"
        query: {}
      responses:
        "200":
          application/json: {"outputs": [{"fileURLs": [], "runID": "<id>", "duration": 8237.28}, {"fileURLs": [], "runID": "<id>", "duration": 972.93}], "total": 9207}
        "400":
          application/json: {"error": "<value>"}
        "401":
          text/plain: "<value>"
  get_/deployment/{id}/inputs:
    speakeasy-default-get-/deployment/{id}/inputs:
      parameters:
        path:
          id: "<id>"
      responses:
        "200":
          application/json: [{"class_type": "ComfyUIDeployExternalNumberSlider", "input_id": "<id>", "default_value": "<value>"}]
        "401":
          text/plain: "<value>"
        "500":
          application/json: {"error": "<value>"}
  get_/deployment:
    speakeasy-default-get-/deployment:
      responses:
        "200":
          application/json: [{"deployment_id": "<id>", "name": "<value>", "inputs_definition": [{"class_type": "ComfyDeployWebscoketImageInput", "input_id": "<id>", "default_value": "<value>"}, {"class_type": "ComfyUIDeployExternalCheckpoint", "input_id": "<id>", "default_value": "<value>"}]}, {"deployment_id": "<id>", "name": "<value>", "inputs_definition": [{"class_type": "ComfyUIDeployExternalLora", "input_id": "<id>", "default_value": "<value>"}, {"class_type": "ComfyUIDeployExternalLora", "input_id": "<id>", "default_value": "<value>"}, {"class_type": "ComfyUIDeployExternalImageAlpha", "input_id": "<id>", "default_value": "<value>"}]}, {"deployment_id": "<id>", "name": "<value>", "inputs_definition": []}]
        "500":
          application/json: {"error": "<value>"}
  post_/gpu_event:
    speakeasy-default-post-/gpu-event:
      responses:
        "200":
          application/json: {"event_id": "<id>"}
        "401":
          text/plain: "<value>"
        "500":
          application/json: {"error": "<value>"}
  post_/end_gpu_event:
    speakeasy-default-post-/end-gpu-event:
      responses:
        "200":
          application/json: {"event_id": "<id>"}
        "401":
          text/plain: "<value>"
        "500":
          application/json: {"error": "<value>"}
  get_/machine/{machine_id}/events:
    speakeasy-default-get-/machine/{machine-id}/events:
      parameters:
        path:
          machine_id: "<id>"
        query:
          status: "running"
      responses:
        "200":
          application/json: [{"id": "95799d1b-edd0-4c0e-a1d3-010ce3cc1e04", "user_id": "<id>", "org_id": "<id>", "machine_id": "d7813cc7-077d-4ac0-b7f0-5857b2395280", "start_time": "<value>", "end_time": "<value>", "gpu": "A100-80GB", "ws_gpu": "4090", "providerType": "modal", "created_at": "1710611768150", "updated_at": "1738283740772", "cost_item_title": "<value>", "cost": 5898.1, "session_timeout": 5722.12, "session_id": "<id>", "modal_function_id": "<id>", "tunnel_url": "https://jam-packed-reboot.com"}, {"id": "a3e4c50d-dcf4-4def-bb21-25fa0f8d2dab", "user_id": "<id>", "org_id": "<id>", "machine_id": "efbabbce-b90f-4142-bc06-e1030100e8da", "start_time": "<value>", "end_time": "<value>", "gpu": "A100", "ws_gpu": "4090", "providerType": "modal", "created_at": "1722162604715", "updated_at": "1738334941610", "cost_item_title": "<value>", "cost": 5528.96, "session_timeout": 3768.88, "session_id": "<id>", "modal_function_id": "<id>", "tunnel_url": "https://unsteady-rawhide.com/"}, {"id": "abc253d8-6e5a-4f99-b11a-f498ad1dcdbe", "user_id": "<id>", "org_id": "<id>", "machine_id": "ad81e5be-8adf-4b1b-bd94-8b755fe8b43a", "start_time": "<value>", "end_time": "<value>", "gpu": "A100", "ws_gpu": "4090", "providerType": "runpod", "created_at": "1734992161537", "updated_at": "1738316558319", "cost_item_title": "<value>", "cost": 7625.51, "session_timeout": 988.01, "session_id": "<id>", "modal_function_id": "<id>", "tunnel_url": "https://outrageous-drug.info/"}]
        "401":
          text/plain: "<value>"
        "500":
          application/json: {"error": "<value>"}
  post_/v1/machines:
    speakeasy-default-post-/v1-/machines:
      responses:
        "200":
          application/json: {"id": "4b8e6e5d-945d-463b-b46d-280ac9d91b76", "user_id": "<id>", "name": "<value>", "org_id": "<id>", "endpoint": "<value>", "created_at": "1735790398397", "updated_at": "1738304421407", "disabled": false, "type": "comfy-deploy-serverless", "status": "building", "machine_version": "<value>", "machine_builder_version": "<value>", "models": ["<value>"], "gpu": "A10G", "pod_id": "<id>", "base_docker_image": "<value>", "allow_concurrent_inputs": 6134.99, "concurrency_limit": 4549.14, "legacy_mode": true, "ws_timeout": 2005.68, "run_timeout": 7003.92, "idle_timeout": 4331.59, "build_machine_instance_id": "<id>", "build_log": "<value>", "modal_app_id": "<id>", "target_workflow_id": "95400a6d-bd9a-4c1e-803f-2062c224335f", "install_custom_node_with_gpu": false, "deleted": false, "keep_warm": 6231.52, "allow_background_volume_commits": false, "gpu_workspace": false}
        "400":
          application/json: {"error": "<value>"}
        "401":
          text/plain: "<value>"
  get_/v1/machines:
    speakeasy-default-get-/v1-/machines:
      responses:
        "200":
          application/json: {"machines": [{"id": "<id>", "endpoints": ["<value>", "<value>", "<value>"]}, {"id": "<id>", "endpoints": ["<value>", "<value>", "<value>"]}, {"id": "<id>", "endpoints": []}], "total": 890.92}
        "400":
          application/json: {"error": "<value>"}
        "401":
          text/plain: "<value>"
  get_/v1/machines/{machine_id}:
    speakeasy-default-get-/v1-/machines/{machine-id}:
      parameters:
        path:
          machine_id: "<id>"
        query: {}
      responses:
        "200":
          application/json: {}
        "400":
          application/json: {"error": "<value>"}
        "401":
          text/plain: "<value>"
examplesVersion: 1.0.0
generatedTests: {}
