lockVersion: 2.0.0
id: 78d0454e-9200-41d2-a226-c97b6eef2032
management:
  docChecksum: 751bbee351db5354325a9ef968014e0d
  docVersion: 0.0.1
  speakeasyVersion: 1.335.2
  generationVersion: 2.372.3
  releaseVersion: 0.0.3
  configChecksum: 8985a1b13321a66e85b0f15eee1f86ef
  published: true
features:
  ruby:
    core: 3.2.15
    flattening: 2.81.1
    globalSecurity: 2.81.6
    globalServerURLs: 2.82.3
    nameOverrides: 2.81.2
generatedFiles:
  - lib/open_api_sdk/sdkconfiguration.rb
  - lib/open_api_sdk/run.rb
  - lib/open_api_sdk/files.rb
  - lib/open_api_sdk/workflows.rb
  - lib/open_api_sdk/comfyui.rb
  - lib/open_api_sdk/machines.rb
  - lib/open_api_sdk/comfydeploy.rb
  - .rubocop.yml
  - Gemfile
  - Gemfile.lock
  - Rakefile
  - lib/open_api_sdk/utils/metadata_fields.rb
  - lib/open_api_sdk/utils/t.rb
  - lib/open_api_sdk/utils/utils.rb
  - sorbet/config
  - sorbet/rbi/annotations/.gitattributes
  - sorbet/rbi/annotations/faraday.rbi
  - sorbet/rbi/annotations/rainbow.rbi
  - sorbet/rbi/gems/.gitattributes
  - sorbet/rbi/gems/ast@2.4.2.rbi
  - sorbet/rbi/gems/base64@0.1.1.rbi
  - sorbet/rbi/gems/erubi@1.12.0.rbi
  - sorbet/rbi/gems/faraday-multipart@1.0.4.rbi
  - sorbet/rbi/gems/faraday-net_http@3.0.2.rbi
  - sorbet/rbi/gems/faraday@2.7.11.rbi
  - sorbet/rbi/gems/json@2.6.3.rbi
  - sorbet/rbi/gems/language_server-protocol@3.17.0.3.rbi
  - sorbet/rbi/gems/minitest@5.20.0.rbi
  - sorbet/rbi/gems/multipart-post@2.3.0.rbi
  - sorbet/rbi/gems/netrc@0.11.0.rbi
  - sorbet/rbi/gems/parallel@1.23.0.rbi
  - sorbet/rbi/gems/parser@3.2.2.4.rbi
  - sorbet/rbi/gems/prettier_print@1.2.1.rbi
  - sorbet/rbi/gems/racc@1.7.1.rbi
  - sorbet/rbi/gems/rack@3.0.8.rbi
  - sorbet/rbi/gems/rainbow@3.1.1.rbi
  - sorbet/rbi/gems/rake@13.0.6.rbi
  - sorbet/rbi/gems/rbi@0.1.1.rbi
  - sorbet/rbi/gems/regexp_parser@2.8.2.rbi
  - sorbet/rbi/gems/rexml@3.2.6.rbi
  - sorbet/rbi/gems/rubocop-ast@1.29.0.rbi
  - sorbet/rbi/gems/rubocop@1.57.1.rbi
  - sorbet/rbi/gems/ruby-progressbar@1.13.0.rbi
  - sorbet/rbi/gems/ruby2_keywords@0.0.5.rbi
  - sorbet/rbi/gems/spoom@1.2.4.rbi
  - sorbet/rbi/gems/syntax_tree@6.2.0.rbi
  - sorbet/rbi/gems/tapioca@0.11.9.rbi
  - sorbet/rbi/gems/thor@1.3.0.rbi
  - sorbet/rbi/gems/unicode-display_width@2.5.0.rbi
  - sorbet/rbi/gems/yard-sorbet@0.8.1.rbi
  - sorbet/rbi/gems/yard@0.9.34.rbi
  - sorbet/rbi/gems/yarp@0.13.0.rbi
  - sorbet/tapioca/config.yml
  - sorbet/tapioca/require.rb
  - comfydeploy.gemspec
  - lib/open_api_sdk/models/operations/get_run_request.rb
  - lib/open_api_sdk/models/operations/get_run_run_response_responsebody.rb
  - lib/open_api_sdk/models/operations/get_run_run_responsebody.rb
  - lib/open_api_sdk/models/operations/workflow_inputs.rb
  - lib/open_api_sdk/models/operations/get_run_workflow_api.rb
  - lib/open_api_sdk/models/operations/origin.rb
  - lib/open_api_sdk/models/operations/status.rb
  - lib/open_api_sdk/models/operations/get_run_gpu.rb
  - lib/open_api_sdk/models/operations/machine_type.rb
  - lib/open_api_sdk/models/operations/run_log.rb
  - lib/open_api_sdk/models/operations/webhook_status.rb
  - lib/open_api_sdk/models/operations/get_run_responsebody.rb
  - lib/open_api_sdk/models/operations/get_run_response.rb
  - lib/open_api_sdk/models/operations/gpu.rb
  - lib/open_api_sdk/models/operations/run_origin.rb
  - lib/open_api_sdk/models/operations/post_run_requestbody.rb
  - lib/open_api_sdk/models/operations/post_run_run_responsebody.rb
  - lib/open_api_sdk/models/operations/post_run_responsebody.rb
  - lib/open_api_sdk/models/operations/post_run_response.rb
  - lib/open_api_sdk/models/operations/type.rb
  - lib/open_api_sdk/models/operations/get_upload_url_request.rb
  - lib/open_api_sdk/models/operations/get_upload_url_files_responsebody.rb
  - lib/open_api_sdk/models/operations/get_upload_url_responsebody.rb
  - lib/open_api_sdk/models/operations/get_upload_url_response.rb
  - lib/open_api_sdk/models/operations/get_websocket_deployment_id_request.rb
  - lib/open_api_sdk/models/operations/get_websocket_deployment_id_workflows_responsebody.rb
  - lib/open_api_sdk/models/operations/get_websocket_deployment_id_responsebody.rb
  - lib/open_api_sdk/models/operations/get_websocket_deployment_id_response.rb
  - lib/open_api_sdk/models/operations/post_machine_endpoint_requestbody.rb
  - lib/open_api_sdk/models/operations/post_machine_endpoint_workflows_responsebody.rb
  - lib/open_api_sdk/models/operations/post_machine_endpoint_responsebody.rb
  - lib/open_api_sdk/models/operations/post_machine_endpoint_response.rb
  - lib/open_api_sdk/models/operations/get_v1_workflows_request.rb
  - lib/open_api_sdk/models/operations/get_v1_workflows_responsebody.rb
  - lib/open_api_sdk/models/operations/user.rb
  - lib/open_api_sdk/models/operations/versions.rb
  - lib/open_api_sdk/models/operations/get_v1_workflows_workflows_responsebody.rb
  - lib/open_api_sdk/models/operations/get_v1_workflows_response.rb
  - lib/open_api_sdk/models/operations/workflow_json.rb
  - lib/open_api_sdk/models/operations/post_v1_workflows_requestbody.rb
  - lib/open_api_sdk/models/operations/post_v1_workflows_workflows_responsebody.rb
  - lib/open_api_sdk/models/operations/post_v1_workflows_responsebody.rb
  - lib/open_api_sdk/models/operations/post_v1_workflows_response.rb
  - lib/open_api_sdk/models/operations/get_v1_workflows_workflow_id_request.rb
  - lib/open_api_sdk/models/operations/get_v1_workflows_workflow_id_workflows_responsebody.rb
  - lib/open_api_sdk/models/operations/get_v1_workflows_workflow_id_versions.rb
  - lib/open_api_sdk/models/operations/get_v1_workflows_workflow_id_responsebody.rb
  - lib/open_api_sdk/models/operations/get_v1_workflows_workflow_id_response.rb
  - lib/open_api_sdk/models/operations/queryparam_runorigin.rb
  - lib/open_api_sdk/models/operations/get_v1_workflows_workflow_id_outputs_request.rb
  - lib/open_api_sdk/models/operations/get_v1_workflows_workflow_id_outputs_workflows_responsebody.rb
  - lib/open_api_sdk/models/operations/outputs.rb
  - lib/open_api_sdk/models/operations/get_v1_workflows_workflow_id_outputs_responsebody.rb
  - lib/open_api_sdk/models/operations/get_v1_workflows_workflow_id_outputs_response.rb
  - lib/open_api_sdk/models/operations/get_auth_response_request_id_request.rb
  - lib/open_api_sdk/models/operations/get_auth_response_request_id_comfyui_response_responsebody.rb
  - lib/open_api_sdk/models/operations/get_auth_response_request_id_comfyui_responsebody.rb
  - lib/open_api_sdk/models/operations/get_auth_response_request_id_responsebody.rb
  - lib/open_api_sdk/models/operations/get_auth_response_request_id_response.rb
  - lib/open_api_sdk/models/operations/workflow_api.rb
  - lib/open_api_sdk/models/operations/git_custom_nodes.rb
  - lib/open_api_sdk/models/operations/snapshot.rb
  - lib/open_api_sdk/models/operations/node.rb
  - lib/open_api_sdk/models/operations/custom_nodes.rb
  - lib/open_api_sdk/models/operations/models.rb
  - lib/open_api_sdk/models/operations/files.rb
  - lib/open_api_sdk/models/operations/dependencies.rb
  - lib/open_api_sdk/models/operations/post_workflow_requestbody.rb
  - lib/open_api_sdk/models/operations/post_workflow_comfyui_responsebody.rb
  - lib/open_api_sdk/models/operations/post_workflow_responsebody.rb
  - lib/open_api_sdk/models/operations/post_workflow_response.rb
  - lib/open_api_sdk/models/operations/get_workflow_version_version_id_request.rb
  - lib/open_api_sdk/models/operations/get_workflow_version_version_id_comfyui_responsebody.rb
  - lib/open_api_sdk/models/operations/workflow.rb
  - lib/open_api_sdk/models/operations/get_workflow_version_version_id_workflow_api.rb
  - lib/open_api_sdk/models/operations/get_workflow_version_version_id_snapshot.rb
  - lib/open_api_sdk/models/operations/get_workflow_version_version_id_dependencies.rb
  - lib/open_api_sdk/models/operations/get_workflow_version_version_id_responsebody.rb
  - lib/open_api_sdk/models/operations/get_workflow_version_version_id_response.rb
  - lib/open_api_sdk/models/operations/get_workflow_id_request.rb
  - lib/open_api_sdk/models/operations/get_workflow_id_comfyui_responsebody.rb
  - lib/open_api_sdk/models/operations/get_workflow_id_workflow.rb
  - lib/open_api_sdk/models/operations/get_workflow_id_workflow_api.rb
  - lib/open_api_sdk/models/operations/get_workflow_id_snapshot.rb
  - lib/open_api_sdk/models/operations/get_workflow_id_dependencies.rb
  - lib/open_api_sdk/models/operations/get_workflow_id_responsebody.rb
  - lib/open_api_sdk/models/operations/get_workflow_id_response.rb
  - lib/open_api_sdk/models/operations/get_deployment_id_inputs_request.rb
  - lib/open_api_sdk/models/operations/get_deployment_id_inputs_responsebody.rb
  - lib/open_api_sdk/models/operations/responsebody.rb
  - lib/open_api_sdk/models/operations/get_deployment_id_inputs_response.rb
  - lib/open_api_sdk/models/operations/environment.rb
  - lib/open_api_sdk/models/operations/get_deployment_request.rb
  - lib/open_api_sdk/models/operations/get_deployment_responsebody.rb
  - lib/open_api_sdk/models/operations/get_deployment_comfyui_responsebody.rb
  - lib/open_api_sdk/models/operations/get_deployment_response.rb
  - lib/open_api_sdk/models/operations/gputype.rb
  - lib/open_api_sdk/models/operations/wsgputype.rb
  - lib/open_api_sdk/models/operations/eventtype.rb
  - lib/open_api_sdk/models/operations/gpu_provider.rb
  - lib/open_api_sdk/models/operations/post_gpu_event_requestbody.rb
  - lib/open_api_sdk/models/operations/post_gpu_event_machines_responsebody.rb
  - lib/open_api_sdk/models/operations/post_gpu_event_responsebody.rb
  - lib/open_api_sdk/models/operations/post_gpu_event_response.rb
  - lib/open_api_sdk/models/operations/fields_.rb
  - lib/open_api_sdk/models/operations/get_v1_machines_request.rb
  - lib/open_api_sdk/models/operations/get_v1_machines_machines_responsebody.rb
  - lib/open_api_sdk/models/operations/machines.rb
  - lib/open_api_sdk/models/operations/get_v1_machines_responsebody.rb
  - lib/open_api_sdk/models/operations/get_v1_machines_response.rb
  - lib/open_api_sdk/models/operations/post_v1_machines_requestbody.rb
  - lib/open_api_sdk/models/operations/post_v1_machines_machines_responsebody.rb
  - lib/open_api_sdk/models/operations/post_v1_machines_type.rb
  - lib/open_api_sdk/models/operations/post_v1_machines_status.rb
  - lib/open_api_sdk/models/operations/post_v1_machines_gpu.rb
  - lib/open_api_sdk/models/operations/post_v1_machines_responsebody.rb
  - lib/open_api_sdk/models/operations/post_v1_machines_response.rb
  - lib/open_api_sdk/models/operations/get_v1_machines_machine_id_request.rb
  - lib/open_api_sdk/models/operations/get_v1_machines_machine_id_machines_responsebody.rb
  - lib/open_api_sdk/models/operations/get_v1_machines_machine_id_responsebody.rb
  - lib/open_api_sdk/models/operations/get_v1_machines_machine_id_response.rb
  - lib/open_api_sdk/models/shared/security.rb
  - lib/comfydeploy.rb
  - lib/open_api_sdk/models/operations.rb
  - lib/open_api_sdk/models/shared.rb
  - docs/models/operations/getrunrequest.md
  - docs/models/operations/getrunrunresponseresponsebody.md
  - docs/models/operations/getrunrunresponsebody.md
  - docs/models/operations/workflowinputs.md
  - docs/models/operations/getrunworkflowapi.md
  - docs/models/operations/origin.md
  - docs/models/operations/status.md
  - docs/models/operations/getrungpu.md
  - docs/models/operations/machinetype.md
  - docs/models/operations/runlog.md
  - docs/models/operations/webhookstatus.md
  - docs/models/operations/getrunresponsebody.md
  - docs/models/operations/getrunresponse.md
  - docs/models/operations/gpu.md
  - docs/models/operations/runorigin.md
  - docs/models/operations/postrunrequestbody.md
  - docs/models/operations/postrunrunresponsebody.md
  - docs/models/operations/postrunresponsebody.md
  - docs/models/operations/postrunresponse.md
  - docs/models/operations/type.md
  - docs/models/operations/getuploadurlrequest.md
  - docs/models/operations/getuploadurlfilesresponsebody.md
  - docs/models/operations/getuploadurlresponsebody.md
  - docs/models/operations/getuploadurlresponse.md
  - docs/models/operations/getwebsocketdeploymentidrequest.md
  - docs/models/operations/getwebsocketdeploymentidworkflowsresponsebody.md
  - docs/models/operations/getwebsocketdeploymentidresponsebody.md
  - docs/models/operations/getwebsocketdeploymentidresponse.md
  - docs/models/operations/postmachineendpointrequestbody.md
  - docs/models/operations/postmachineendpointworkflowsresponsebody.md
  - docs/models/operations/postmachineendpointresponsebody.md
  - docs/models/operations/postmachineendpointresponse.md
  - docs/models/operations/getv1workflowsrequest.md
  - docs/models/operations/getv1workflowsresponsebody.md
  - docs/models/operations/user.md
  - docs/models/operations/versions.md
  - docs/models/operations/getv1workflowsworkflowsresponsebody.md
  - docs/models/operations/getv1workflowsresponse.md
  - docs/models/operations/workflowjson.md
  - docs/models/operations/postv1workflowsrequestbody.md
  - docs/models/operations/postv1workflowsworkflowsresponsebody.md
  - docs/models/operations/postv1workflowsresponsebody.md
  - docs/models/operations/postv1workflowsresponse.md
  - docs/models/operations/getv1workflowsworkflowidrequest.md
  - docs/models/operations/getv1workflowsworkflowidworkflowsresponsebody.md
  - docs/models/operations/getv1workflowsworkflowidversions.md
  - docs/models/operations/getv1workflowsworkflowidresponsebody.md
  - docs/models/operations/getv1workflowsworkflowidresponse.md
  - docs/models/operations/queryparamrunorigin.md
  - docs/models/operations/getv1workflowsworkflowidoutputsrequest.md
  - docs/models/operations/getv1workflowsworkflowidoutputsworkflowsresponsebody.md
  - docs/models/operations/outputs.md
  - docs/models/operations/getv1workflowsworkflowidoutputsresponsebody.md
  - docs/models/operations/getv1workflowsworkflowidoutputsresponse.md
  - docs/models/operations/getauthresponserequestidrequest.md
  - docs/models/operations/getauthresponserequestidcomfyuiresponseresponsebody.md
  - docs/models/operations/getauthresponserequestidcomfyuiresponsebody.md
  - docs/models/operations/getauthresponserequestidresponsebody.md
  - docs/models/operations/getauthresponserequestidresponse.md
  - docs/models/operations/workflowapi.md
  - docs/models/operations/gitcustomnodes.md
  - docs/models/operations/snapshot.md
  - docs/models/operations/node.md
  - docs/models/operations/customnodes.md
  - docs/models/operations/models.md
  - docs/models/operations/files.md
  - docs/models/operations/dependencies.md
  - docs/models/operations/postworkflowrequestbody.md
  - docs/models/operations/postworkflowcomfyuiresponsebody.md
  - docs/models/operations/postworkflowresponsebody.md
  - docs/models/operations/postworkflowresponse.md
  - docs/models/operations/getworkflowversionversionidrequest.md
  - docs/models/operations/getworkflowversionversionidcomfyuiresponsebody.md
  - docs/models/operations/workflow.md
  - docs/models/operations/getworkflowversionversionidworkflowapi.md
  - docs/models/operations/getworkflowversionversionidsnapshot.md
  - docs/models/operations/getworkflowversionversioniddependencies.md
  - docs/models/operations/getworkflowversionversionidresponsebody.md
  - docs/models/operations/getworkflowversionversionidresponse.md
  - docs/models/operations/getworkflowidrequest.md
  - docs/models/operations/getworkflowidcomfyuiresponsebody.md
  - docs/models/operations/getworkflowidworkflow.md
  - docs/models/operations/getworkflowidworkflowapi.md
  - docs/models/operations/getworkflowidsnapshot.md
  - docs/models/operations/getworkflowiddependencies.md
  - docs/models/operations/getworkflowidresponsebody.md
  - docs/models/operations/getworkflowidresponse.md
  - docs/models/operations/getdeploymentidinputsrequest.md
  - docs/models/operations/getdeploymentidinputsresponsebody.md
  - docs/models/operations/responsebody.md
  - docs/models/operations/getdeploymentidinputsresponse.md
  - docs/models/operations/environment.md
  - docs/models/operations/getdeploymentrequest.md
  - docs/models/operations/getdeploymentresponsebody.md
  - docs/models/operations/getdeploymentcomfyuiresponsebody.md
  - docs/models/operations/getdeploymentresponse.md
  - docs/models/operations/gputype.md
  - docs/models/operations/wsgputype.md
  - docs/models/operations/eventtype.md
  - docs/models/operations/gpuprovider.md
  - docs/models/operations/postgpueventrequestbody.md
  - docs/models/operations/postgpueventmachinesresponsebody.md
  - docs/models/operations/postgpueventresponsebody.md
  - docs/models/operations/postgpueventresponse.md
  - docs/models/operations/fields_.md
  - docs/models/operations/getv1machinesrequest.md
  - docs/models/operations/getv1machinesmachinesresponsebody.md
  - docs/models/operations/machines.md
  - docs/models/operations/getv1machinesresponsebody.md
  - docs/models/operations/getv1machinesresponse.md
  - docs/models/operations/postv1machinesrequestbody.md
  - docs/models/operations/postv1machinesmachinesresponsebody.md
  - docs/models/operations/postv1machinestype.md
  - docs/models/operations/postv1machinesstatus.md
  - docs/models/operations/postv1machinesgpu.md
  - docs/models/operations/postv1machinesresponsebody.md
  - docs/models/operations/postv1machinesresponse.md
  - docs/models/operations/getv1machinesmachineidrequest.md
  - docs/models/operations/getv1machinesmachineidmachinesresponsebody.md
  - docs/models/operations/getv1machinesmachineidresponsebody.md
  - docs/models/operations/getv1machinesmachineidresponse.md
  - docs/models/shared/security.md
  - docs/sdks/comfydeploy/README.md
  - docs/sdks/run/README.md
  - docs/sdks/files/README.md
  - docs/sdks/workflows/README.md
  - docs/sdks/comfyui/README.md
  - docs/sdks/machines/README.md
  - USAGE.md
  - .gitattributes
