speakeasyVersion: 1.490.0
sources:
    comfydeploy-api:
        sourceNamespace: comfydeploy-api
        sourceRevisionDigest: sha256:57f19ed28d73d7ac51b4a3520d32a44f1648241dac3b5de61870fffa629bdb43
        sourceBlobDigest: sha256:b061234bc482d329dd19761cd65c3c3ce72b8977319df1fa5d29a337d1b73258
        tags:
            - latest
            - speakeasy-sdk-regen-1721434075
            - 0.0.1
targets:
    comfy-deploy:
        source: comfydeploy-api
        sourceNamespace: comfydeploy-api
        sourceRevisionDigest: sha256:57f19ed28d73d7ac51b4a3520d32a44f1648241dac3b5de61870fffa629bdb43
        sourceBlobDigest: sha256:b061234bc482d329dd19761cd65c3c3ce72b8977319df1fa5d29a337d1b73258
        codeSamplesNamespace: code-samples-ruby-comfy-deploy
        codeSamplesRevisionDigest: sha256:11374ebb2add45ca0ba499073bfdb9c6722ead27e3e23f587bb12a7f1bf708be
workflow:
    workflowVersion: 1.0.0
    speakeasyVersion: latest
    sources:
        comfydeploy-api:
            inputs:
                - location: https://www.comfydeploy.com/api
            registry:
                location: registry.speakeasyapi.dev/comfydeploy/comfydeploy/comfydeploy-api
    targets:
        comfy-deploy:
            target: ruby
            source: comfydeploy-api
            publish:
                rubygems:
                    token: $rubygems_auth_token
            codeSamples:
                output: codeSamples.yaml
                registry:
                    location: registry.speakeasyapi.dev/comfydeploy/comfydeploy/code-samples-ruby-comfy-deploy
