speakeasyVersion: 1.476.0
sources:
    comfydeploy-api:
        sourceNamespace: comfydeploy-api
        sourceRevisionDigest: sha256:69e103747f073d5075fea9575d0df6b222aad75555ee31ef50a02e82674f77bf
        sourceBlobDigest: sha256:dfb9c9ec4dfe3d034b63b31d85adada6e3a4a5006037d4a6bf0015f69c845209
        tags:
            - latest
            - speakeasy-sdk-regen-1721434075
            - 0.0.1
targets:
    comfy-deploy:
        source: comfydeploy-api
        sourceNamespace: comfydeploy-api
        sourceRevisionDigest: sha256:69e103747f073d5075fea9575d0df6b222aad75555ee31ef50a02e82674f77bf
        sourceBlobDigest: sha256:dfb9c9ec4dfe3d034b63b31d85adada6e3a4a5006037d4a6bf0015f69c845209
        codeSamplesNamespace: code-samples-ruby-comfy-deploy
        codeSamplesRevisionDigest: sha256:4f0a83780ec466048fe1fd04d285c4ee6b5c0902053a6a54ca6bcc1477383650
workflow:
    workflowVersion: 1.0.0
    speakeasyVersion: latest
    sources:
        comfydeploy-api:
            inputs:
                - location: https://www.comfydeploy.com/api
            registry:
                location: registry.speakeasyapi.dev/comfydeploy/comfydeploy/comfydeploy-api
    targets:
        comfy-deploy:
            target: ruby
            source: comfydeploy-api
            publish:
                rubygems:
                    token: $rubygems_auth_token
            codeSamples:
                output: codeSamples.yaml
                registry:
                    location: registry.speakeasyapi.dev/comfydeploy/comfydeploy/code-samples-ruby-comfy-deploy
