speakeasyVersion: 1.339.0
sources:
    comfydeploy-api:
        sourceNamespace: comfydeploy-api
        sourceRevisionDigest: sha256:fbd030a102d62af079f05c4da0ff9b371db4f772f7480225e165301647e9cf5e
        sourceBlobDigest: sha256:a5a9a2b61cc474dabeb3050ae2431aa914d6af7219d79ccd3828e369f8db1906
        tags:
            - latest
targets:
    comfy-deploy:
        source: comfydeploy-api
        sourceNamespace: comfydeploy-api
        sourceRevisionDigest: sha256:fbd030a102d62af079f05c4da0ff9b371db4f772f7480225e165301647e9cf5e
        sourceBlobDigest: sha256:a5a9a2b61cc474dabeb3050ae2431aa914d6af7219d79ccd3828e369f8db1906
        codeSamplesNamespace: code-samples-ruby-comfy-deploy
        codeSamplesRevisionDigest: sha256:09c7dfbbd460077c7f9d440234cf4a635c7c8a6024ddc97addaf037114fbfa62
        outLocation: /Users/bennykok/Documents/GitHub/comfy-deploy-ruby
workflow:
    workflowVersion: 1.0.0
    speakeasyVersion: latest
    sources:
        comfydeploy-api:
            inputs:
                - location: https://www.comfydeploy.com/api/openapi.json
            registry:
                location: registry.speakeasyapi.dev/comfydeploy/comfydeploy/comfydeploy-api
    targets:
        comfy-deploy:
            target: ruby
            source: comfydeploy-api
            publish:
                rubygems:
                    token: $rubygems_auth_token
            codeSamples:
                output: codeSamples.yaml
                registry:
                    location: registry.speakeasyapi.dev/comfydeploy/comfydeploy/code-samples-ruby-comfy-deploy
